
Microsoft Visual Studio Solution File, Format Version 12.00
# Visual Studio Version 17
VisualStudioVersion = 17.5.002.0
MinimumVisualStudioVersion = 10.0.40219.1
Project("{9A19103F-16F7-4668-BE54-9A1E7A4F7556}") = "testapi", "testapi\testapi.csproj", "{338A31FB-E925-4E13-B533-E67D7D57613C}"
EndProject
Project("{2150E333-8FDC-42A3-9474-1A3956D46DE8}") = "Solution Items", "Solution Items", "{0D289BC6-7875-4734-9545-5C755C84DEC2}"
EndProject
Global
	GlobalSection(SolutionConfigurationPlatforms) = preSolution
		Debug|Any CPU = Debug|Any CPU
		Release|Any CPU = Release|Any CPU
	EndGlobalSection
	GlobalSection(ProjectConfigurationPlatforms) = postSolution
		{338A31FB-E925-4E13-B533-E67D7D57613C}.Debug|Any CPU.ActiveCfg = Debug|Any CPU
		{338A31FB-E925-4E13-B533-E67D7D57613C}.Debug|Any CPU.Build.0 = Debug|Any CPU
		{338A31FB-E925-4E13-B533-E67D7D57613C}.Release|Any CPU.ActiveCfg = Release|Any CPU
		{338A31FB-E925-4E13-B533-E67D7D57613C}.Release|Any CPU.Build.0 = Release|Any CPU
	EndGlobalSection
	GlobalSection(SolutionProperties) = preSolution
		HideSolutionNode = FALSE
	EndGlobalSection
	GlobalSection(ExtensibilityGlobals) = postSolution
		SolutionGuid = {34269FF0-7D5E-4C09-B65F-548642780A18}
	EndGlobalSection
EndGlobal
